// !$*UTF8*$!
{
	archiveVersion = 1;
	classes = {
	};
	objectVersion = 70;
	objects = {

/* Begin PBXBuildFile section */
		1D27AEC02B9B71C500EF701D /* AlertVC.swift in Sources */ = {isa = PBXBuildFile; fileRef = 1D27AEBF2B9B71C500EF701D /* AlertVC.swift */; };
		1D27AEC22B9B729700EF701D /* EAButton.swift in Sources */ = {isa = PBXBuildFile; fileRef = 1D27AEC12B9B729700EF701D /* EAButton.swift */; };
		1D2917E42B89C7A300C5E4FE /* PickCityVC.swift in Sources */ = {isa = PBXBuildFile; fileRef = 1D2917E32B89C7A300C5E4FE /* PickCityVC.swift */; };
		1D2917E62B89D29900C5E4FE /* DetailsVC.swift in Sources */ = {isa = PBXBuildFile; fileRef = 1D2917E52B89D29900C5E4FE /* DetailsVC.swift */; };
		1D2917E92B89E47E00C5E4FE /* EALabel.swift in Sources */ = {isa = PBXBuildFile; fileRef = 1D2917E82B89E47E00C5E4FE /* EALabel.swift */; };
		1D2917EB2B89E6D400C5E4FE /* EATitle.swift in Sources */ = {isa = PBXBuildFile; fileRef = 1D2917EA2B89E6D400C5E4FE /* EATitle.swift */; };
		1D2917EE2B89F21900C5E4FE /* UIViewController+Ext.swift in Sources */ = {isa = PBXBuildFile; fileRef = 1D2917ED2B89F21900C5E4FE /* UIViewController+Ext.swift */; };
		1D2917F02B8A260700C5E4FE /* DamVC.swift in Sources */ = {isa = PBXBuildFile; fileRef = 1D2917EF2B8A260700C5E4FE /* DamVC.swift */; };
		1D4EDFBA2B7CF38500451EB1 /* Baraj.swift in Sources */ = {isa = PBXBuildFile; fileRef = 1D4EDFB92B7CF38500451EB1 /* Baraj.swift */; };
		1D58A3C42CF25A41002B2246 /* CitiesTableViewCell.swift in Sources */ = {isa = PBXBuildFile; fileRef = 1D58A3C32CF25A41002B2246 /* CitiesTableViewCell.swift */; };
		1D58A3C62CF30D03002B2246 /* Anim.json in Resources */ = {isa = PBXBuildFile; fileRef = 1D58A3C52CF30D03002B2246 /* Anim.json */; };
		1D58A3C92CF315D5002B2246 /* DamsPC.swift in Sources */ = {isa = PBXBuildFile; fileRef = 1D58A3C82CF315D5002B2246 /* DamsPC.swift */; };
		1D58A3CB2CF318BB002B2246 /* DamRateVC.swift in Sources */ = {isa = PBXBuildFile; fileRef = 1D58A3CA2CF318BB002B2246 /* DamRateVC.swift */; };
		1D58A3CD2CF31E03002B2246 /* EAPageControl.swift in Sources */ = {isa = PBXBuildFile; fileRef = 1D58A3CC2CF31E03002B2246 /* EAPageControl.swift */; };
		1D58A3CF2CF32598002B2246 /* DamListVC.swift in Sources */ = {isa = PBXBuildFile; fileRef = 1D58A3CE2CF32598002B2246 /* DamListVC.swift */; };
		1D58A3D12CF33CB8002B2246 /* Animation - 1732445464829.json in Resources */ = {isa = PBXBuildFile; fileRef = 1D58A3D02CF33CB8002B2246 /* Animation - 1732445464829.json */; };
		1D58B5402CF70B970071EDC1 /* OneSignalFramework in Frameworks */ = {isa = PBXBuildFile; productRef = 1D58B53F2CF70B970071EDC1 /* OneSignalFramework */; };
		1D58B54F2CF713680071EDC1 /* DGCharts in Frameworks */ = {isa = PBXBuildFile; productRef = 1D58B54E2CF713680071EDC1 /* DGCharts */; };
		1D58B5522CF7138E0071EDC1 /* Algorithms in Frameworks */ = {isa = PBXBuildFile; productRef = 1D58B5512CF7138E0071EDC1 /* Algorithms */; };
		1D6F41C02A81108800055D87 /* AppDelegate.swift in Sources */ = {isa = PBXBuildFile; fileRef = 1D6F41BF2A81108800055D87 /* AppDelegate.swift */; };
		1D6F41C22A81108800055D87 /* SceneDelegate.swift in Sources */ = {isa = PBXBuildFile; fileRef = 1D6F41C12A81108800055D87 /* SceneDelegate.swift */; };
		1D6F41CA2A81108800055D87 /* baraj24.xcdatamodeld in Sources */ = {isa = PBXBuildFile; fileRef = 1D6F41C82A81108800055D87 /* baraj24.xcdatamodeld */; };
		1D6F41CC2A81108900055D87 /* Assets.xcassets in Resources */ = {isa = PBXBuildFile; fileRef = 1D6F41CB2A81108900055D87 /* Assets.xcassets */; };
		1D6F41CF2A81108900055D87 /* LaunchScreen.storyboard in Resources */ = {isa = PBXBuildFile; fileRef = 1D6F41CD2A81108900055D87 /* LaunchScreen.storyboard */; };
		1D6F41DA2A81108900055D87 /* baraj24Tests.swift in Sources */ = {isa = PBXBuildFile; fileRef = 1D6F41D92A81108900055D87 /* baraj24Tests.swift */; };
		1D6F41E42A81108900055D87 /* baraj24UITests.swift in Sources */ = {isa = PBXBuildFile; fileRef = 1D6F41E32A81108900055D87 /* baraj24UITests.swift */; };
		1D6F41E62A81108900055D87 /* baraj24UITestsLaunchTests.swift in Sources */ = {isa = PBXBuildFile; fileRef = 1D6F41E52A81108900055D87 /* baraj24UITestsLaunchTests.swift */; };
		1D7380232CF0A8D40084DA91 /* OnboardingVC.swift in Sources */ = {isa = PBXBuildFile; fileRef = 1D7380222CF0A8D40084DA91 /* OnboardingVC.swift */; };
		1D73802E2CF1E5070084DA91 /* EACircleProgress.swift in Sources */ = {isa = PBXBuildFile; fileRef = 1D73802D2CF1E5070084DA91 /* EACircleProgress.swift */; };
		1D73809F2CF1F6E80084DA91 /* Animation - 1732362065735.json in Resources */ = {isa = PBXBuildFile; fileRef = 1D73809E2CF1F6E80084DA91 /* Animation - 1732362065735.json */; };
		1D7380A22CF1FDCC0084DA91 /* APIManager.swift in Sources */ = {isa = PBXBuildFile; fileRef = 1D7380A12CF1FDCC0084DA91 /* APIManager.swift */; };
		1DA012352CF21A0B00477D37 /* Poppins-Thin.ttf in Resources */ = {isa = PBXBuildFile; fileRef = 1DA012322CF21A0B00477D37 /* Poppins-Thin.ttf */; };
		1DA012362CF21A0B00477D37 /* Poppins-ExtraBoldItalic.ttf in Resources */ = {isa = PBXBuildFile; fileRef = 1DA012272CF21A0B00477D37 /* Poppins-ExtraBoldItalic.ttf */; };
		1DA012372CF21A0B00477D37 /* Poppins-Italic.ttf in Resources */ = {isa = PBXBuildFile; fileRef = 1DA0122A2CF21A0B00477D37 /* Poppins-Italic.ttf */; };
		1DA012382CF21A0B00477D37 /* Poppins-ThinItalic.ttf in Resources */ = {isa = PBXBuildFile; fileRef = 1DA012332CF21A0B00477D37 /* Poppins-ThinItalic.ttf */; };
		1DA012392CF21A0B00477D37 /* Poppins-Black.ttf in Resources */ = {isa = PBXBuildFile; fileRef = 1DA012222CF21A0B00477D37 /* Poppins-Black.ttf */; };
		1DA0123A2CF21A0B00477D37 /* Poppins-Bold.ttf in Resources */ = {isa = PBXBuildFile; fileRef = 1DA012242CF21A0B00477D37 /* Poppins-Bold.ttf */; };
		1DA0123B2CF21A0B00477D37 /* Poppins-ExtraBold.ttf in Resources */ = {isa = PBXBuildFile; fileRef = 1DA012262CF21A0B00477D37 /* Poppins-ExtraBold.ttf */; };
		1DA0123C2CF21A0B00477D37 /* Poppins-ExtraLight.ttf in Resources */ = {isa = PBXBuildFile; fileRef = 1DA012282CF21A0B00477D37 /* Poppins-ExtraLight.ttf */; };
		1DA0123D2CF21A0B00477D37 /* Poppins-Medium.ttf in Resources */ = {isa = PBXBuildFile; fileRef = 1DA0122D2CF21A0B00477D37 /* Poppins-Medium.ttf */; };
		1DA0123E2CF21A0B00477D37 /* Poppins-SemiBold.ttf in Resources */ = {isa = PBXBuildFile; fileRef = 1DA012302CF21A0B00477D37 /* Poppins-SemiBold.ttf */; };
		1DA0123F2CF21A0B00477D37 /* Poppins-SemiBoldItalic.ttf in Resources */ = {isa = PBXBuildFile; fileRef = 1DA012312CF21A0B00477D37 /* Poppins-SemiBoldItalic.ttf */; };
		1DA012402CF21A0B00477D37 /* Poppins-BoldItalic.ttf in Resources */ = {isa = PBXBuildFile; fileRef = 1DA012252CF21A0B00477D37 /* Poppins-BoldItalic.ttf */; };
		1DA012412CF21A0B00477D37 /* Poppins-ExtraLightItalic.ttf in Resources */ = {isa = PBXBuildFile; fileRef = 1DA012292CF21A0B00477D37 /* Poppins-ExtraLightItalic.ttf */; };
		1DA012422CF21A0B00477D37 /* Poppins-MediumItalic.ttf in Resources */ = {isa = PBXBuildFile; fileRef = 1DA0122E2CF21A0B00477D37 /* Poppins-MediumItalic.ttf */; };
		1DA012432CF21A0B00477D37 /* Poppins-Light.ttf in Resources */ = {isa = PBXBuildFile; fileRef = 1DA0122B2CF21A0B00477D37 /* Poppins-Light.ttf */; };
		1DA012442CF21A0B00477D37 /* Poppins-BlackItalic.ttf in Resources */ = {isa = PBXBuildFile; fileRef = 1DA012232CF21A0B00477D37 /* Poppins-BlackItalic.ttf */; };
		1DA012452CF21A0B00477D37 /* Poppins-Regular.ttf in Resources */ = {isa = PBXBuildFile; fileRef = 1DA0122F2CF21A0B00477D37 /* Poppins-Regular.ttf */; };
		1DA012462CF21A0B00477D37 /* OFL.txt in Resources */ = {isa = PBXBuildFile; fileRef = 1DA012212CF21A0B00477D37 /* OFL.txt */; };
		1DA012472CF21A0B00477D37 /* Poppins-LightItalic.ttf in Resources */ = {isa = PBXBuildFile; fileRef = 1DA0122C2CF21A0B00477D37 /* Poppins-LightItalic.ttf */; };
		1DA9182D2CF6F81D007EB9AE /* Lottie in Frameworks */ = {isa = PBXBuildFile; productRef = 1DA9182C2CF6F81D007EB9AE /* Lottie */; };
		1DA918302CF6F849007EB9AE /* GoogleMobileAds in Frameworks */ = {isa = PBXBuildFile; productRef = 1DA9182F2CF6F849007EB9AE /* GoogleMobileAds */; };
		1DAE498F2B8DC57200292033 /* BarajlarTableViewCell.swift in Sources */ = {isa = PBXBuildFile; fileRef = 1DAE498E2B8DC57200292033 /* BarajlarTableViewCell.swift */; };
		1DBE11182C1B7DFC003F4D69 /* GoogleService-Info.plist in Resources */ = {isa = PBXBuildFile; fileRef = 1DBE11172C1B7DFC003F4D69 /* GoogleService-Info.plist */; };
		1DE29B912B876A0600A1993E /* OldData.swift in Sources */ = {isa = PBXBuildFile; fileRef = 1DE29B902B876A0600A1993E /* OldData.swift */; };
		1DE8ED812CF5F57100964AFE /* OneSignalNotificationServiceExtension.appex in Embed Foundation Extensions */ = {isa = PBXBuildFile; fileRef = 1DE8ED7A2CF5F57100964AFE /* OneSignalNotificationServiceExtension.appex */; settings = {ATTRIBUTES = (RemoveHeadersOnCopy, ); }; };
		1DED1E3F2B8F7C74007F0D16 /* EAImageView.swift in Sources */ = {isa = PBXBuildFile; fileRef = 1DED1E3E2B8F7C74007F0D16 /* EAImageView.swift */; };
/* End PBXBuildFile section */

/* Begin PBXContainerItemProxy section */
		1D6F41D62A81108900055D87 /* PBXContainerItemProxy */ = {
			isa = PBXContainerItemProxy;
			containerPortal = 1D6F41B42A81108700055D87 /* Project object */;
			proxyType = 1;
			remoteGlobalIDString = 1D6F41BB2A81108700055D87;
			remoteInfo = baraj24;
		};
		1D6F41E02A81108900055D87 /* PBXContainerItemProxy */ = {
			isa = PBXContainerItemProxy;
			containerPortal = 1D6F41B42A81108700055D87 /* Project object */;
			proxyType = 1;
			remoteGlobalIDString = 1D6F41BB2A81108700055D87;
			remoteInfo = baraj24;
		};
		1DE8ED7F2CF5F57100964AFE /* PBXContainerItemProxy */ = {
			isa = PBXContainerItemProxy;
			containerPortal = 1D6F41B42A81108700055D87 /* Project object */;
			proxyType = 1;
			remoteGlobalIDString = 1DE8ED792CF5F57100964AFE;
			remoteInfo = OneSignalNotificationServiceExtension;
		};
/* End PBXContainerItemProxy section */

/* Begin PBXCopyFilesBuildPhase section */
		1DE8ED752CF5F54500964AFE /* Embed Foundation Extensions */ = {
			isa = PBXCopyFilesBuildPhase;
			buildActionMask = 2147483647;
			dstPath = "";
			dstSubfolderSpec = 13;
			files = (
				1DE8ED812CF5F57100964AFE /* OneSignalNotificationServiceExtension.appex in Embed Foundation Extensions */,
			);
			name = "Embed Foundation Extensions";
			runOnlyForDeploymentPostprocessing = 0;
		};
/* End PBXCopyFilesBuildPhase section */

/* Begin PBXFileReference section */
		1D27AEBF2B9B71C500EF701D /* AlertVC.swift */ = {isa = PBXFileReference; lastKnownFileType = sourcecode.swift; path = AlertVC.swift; sourceTree = "<group>"; };
		1D27AEC12B9B729700EF701D /* EAButton.swift */ = {isa = PBXFileReference; lastKnownFileType = sourcecode.swift; path = EAButton.swift; sourceTree = "<group>"; };
		1D2917E32B89C7A300C5E4FE /* PickCityVC.swift */ = {isa = PBXFileReference; lastKnownFileType = sourcecode.swift; path = PickCityVC.swift; sourceTree = "<group>"; };
		1D2917E52B89D29900C5E4FE /* DetailsVC.swift */ = {isa = PBXFileReference; lastKnownFileType = sourcecode.swift; path = DetailsVC.swift; sourceTree = "<group>"; };
		1D2917E82B89E47E00C5E4FE /* EALabel.swift */ = {isa = PBXFileReference; lastKnownFileType = sourcecode.swift; path = EALabel.swift; sourceTree = "<group>"; };
		1D2917EA2B89E6D400C5E4FE /* EATitle.swift */ = {isa = PBXFileReference; lastKnownFileType = sourcecode.swift; path = EATitle.swift; sourceTree = "<group>"; };
		1D2917ED2B89F21900C5E4FE /* UIViewController+Ext.swift */ = {isa = PBXFileReference; lastKnownFileType = sourcecode.swift; path = "UIViewController+Ext.swift"; sourceTree = "<group>"; };
		1D2917EF2B8A260700C5E4FE /* DamVC.swift */ = {isa = PBXFileReference; lastKnownFileType = sourcecode.swift; path = DamVC.swift; sourceTree = "<group>"; };
		1D4EDFB92B7CF38500451EB1 /* Baraj.swift */ = {isa = PBXFileReference; lastKnownFileType = sourcecode.swift; path = Baraj.swift; sourceTree = "<group>"; };
		1D58A3C32CF25A41002B2246 /* CitiesTableViewCell.swift */ = {isa = PBXFileReference; lastKnownFileType = sourcecode.swift; path = CitiesTableViewCell.swift; sourceTree = "<group>"; };
		1D58A3C52CF30D03002B2246 /* Anim.json */ = {isa = PBXFileReference; lastKnownFileType = text.json; path = Anim.json; sourceTree = "<group>"; };
		1D58A3C82CF315D5002B2246 /* DamsPC.swift */ = {isa = PBXFileReference; lastKnownFileType = sourcecode.swift; path = DamsPC.swift; sourceTree = "<group>"; };
		1D58A3CA2CF318BB002B2246 /* DamRateVC.swift */ = {isa = PBXFileReference; lastKnownFileType = sourcecode.swift; path = DamRateVC.swift; sourceTree = "<group>"; };
		1D58A3CC2CF31E03002B2246 /* EAPageControl.swift */ = {isa = PBXFileReference; lastKnownFileType = sourcecode.swift; path = EAPageControl.swift; sourceTree = "<group>"; };
		1D58A3CE2CF32598002B2246 /* DamListVC.swift */ = {isa = PBXFileReference; lastKnownFileType = sourcecode.swift; path = DamListVC.swift; sourceTree = "<group>"; };
		1D58A3D02CF33CB8002B2246 /* Animation - 1732445464829.json */ = {isa = PBXFileReference; lastKnownFileType = text.json; path = "Animation - 1732445464829.json"; sourceTree = "<group>"; };
		1D6F41BC2A81108800055D87 /* baraj24.app */ = {isa = PBXFileReference; explicitFileType = wrapper.application; includeInIndex = 0; path = baraj24.app; sourceTree = BUILT_PRODUCTS_DIR; };
		1D6F41BF2A81108800055D87 /* AppDelegate.swift */ = {isa = PBXFileReference; lastKnownFileType = sourcecode.swift; path = AppDelegate.swift; sourceTree = "<group>"; };
		1D6F41C12A81108800055D87 /* SceneDelegate.swift */ = {isa = PBXFileReference; lastKnownFileType = sourcecode.swift; path = SceneDelegate.swift; sourceTree = "<group>"; };
		1D6F41C92A81108800055D87 /* baraj24.xcdatamodel */ = {isa = PBXFileReference; lastKnownFileType = wrapper.xcdatamodel; path = baraj24.xcdatamodel; sourceTree = "<group>"; };
		1D6F41CB2A81108900055D87 /* Assets.xcassets */ = {isa = PBXFileReference; lastKnownFileType = folder.assetcatalog; path = Assets.xcassets; sourceTree = "<group>"; };
		1D6F41CE2A81108900055D87 /* Base */ = {isa = PBXFileReference; lastKnownFileType = file.storyboard; name = Base; path = Base.lproj/LaunchScreen.storyboard; sourceTree = "<group>"; };
		1D6F41D02A81108900055D87 /* Info.plist */ = {isa = PBXFileReference; lastKnownFileType = text.plist.xml; path = Info.plist; sourceTree = "<group>"; };
		1D6F41D52A81108900055D87 /* baraj24Tests.xctest */ = {isa = PBXFileReference; explicitFileType = wrapper.cfbundle; includeInIndex = 0; path = baraj24Tests.xctest; sourceTree = BUILT_PRODUCTS_DIR; };
		1D6F41D92A81108900055D87 /* baraj24Tests.swift */ = {isa = PBXFileReference; lastKnownFileType = sourcecode.swift; path = baraj24Tests.swift; sourceTree = "<group>"; };
		1D6F41DF2A81108900055D87 /* baraj24UITests.xctest */ = {isa = PBXFileReference; explicitFileType = wrapper.cfbundle; includeInIndex = 0; path = baraj24UITests.xctest; sourceTree = BUILT_PRODUCTS_DIR; };
		1D6F41E32A81108900055D87 /* baraj24UITests.swift */ = {isa = PBXFileReference; lastKnownFileType = sourcecode.swift; path = baraj24UITests.swift; sourceTree = "<group>"; };
		1D6F41E52A81108900055D87 /* baraj24UITestsLaunchTests.swift */ = {isa = PBXFileReference; lastKnownFileType = sourcecode.swift; path = baraj24UITestsLaunchTests.swift; sourceTree = "<group>"; };
		1D7380222CF0A8D40084DA91 /* OnboardingVC.swift */ = {isa = PBXFileReference; lastKnownFileType = sourcecode.swift; path = OnboardingVC.swift; sourceTree = "<group>"; };
		1D73802D2CF1E5070084DA91 /* EACircleProgress.swift */ = {isa = PBXFileReference; lastKnownFileType = sourcecode.swift; path = EACircleProgress.swift; sourceTree = "<group>"; };
		1D73809E2CF1F6E80084DA91 /* Animation - 1732362065735.json */ = {isa = PBXFileReference; lastKnownFileType = text.json; path = "Animation - 1732362065735.json"; sourceTree = "<group>"; };
		1D7380A12CF1FDCC0084DA91 /* APIManager.swift */ = {isa = PBXFileReference; lastKnownFileType = sourcecode.swift; path = APIManager.swift; sourceTree = "<group>"; };
		1DA012212CF21A0B00477D37 /* OFL.txt */ = {isa = PBXFileReference; lastKnownFileType = text; path = OFL.txt; sourceTree = "<group>"; };
		1DA012222CF21A0B00477D37 /* Poppins-Black.ttf */ = {isa = PBXFileReference; lastKnownFileType = file; path = "Poppins-Black.ttf"; sourceTree = "<group>"; };
		1DA012232CF21A0B00477D37 /* Poppins-BlackItalic.ttf */ = {isa = PBXFileReference; lastKnownFileType = file; path = "Poppins-BlackItalic.ttf"; sourceTree = "<group>"; };
		1DA012242CF21A0B00477D37 /* Poppins-Bold.ttf */ = {isa = PBXFileReference; lastKnownFileType = file; path = "Poppins-Bold.ttf"; sourceTree = "<group>"; };
		1DA012252CF21A0B00477D37 /* Poppins-BoldItalic.ttf */ = {isa = PBXFileReference; lastKnownFileType = file; path = "Poppins-BoldItalic.ttf"; sourceTree = "<group>"; };
		1DA012262CF21A0B00477D37 /* Poppins-ExtraBold.ttf */ = {isa = PBXFileReference; lastKnownFileType = file; path = "Poppins-ExtraBold.ttf"; sourceTree = "<group>"; };
		1DA012272CF21A0B00477D37 /* Poppins-ExtraBoldItalic.ttf */ = {isa = PBXFileReference; lastKnownFileType = file; path = "Poppins-ExtraBoldItalic.ttf"; sourceTree = "<group>"; };
		1DA012282CF21A0B00477D37 /* Poppins-ExtraLight.ttf */ = {isa = PBXFileReference; lastKnownFileType = file; path = "Poppins-ExtraLight.ttf"; sourceTree = "<group>"; };
		1DA012292CF21A0B00477D37 /* Poppins-ExtraLightItalic.ttf */ = {isa = PBXFileReference; lastKnownFileType = file; path = "Poppins-ExtraLightItalic.ttf"; sourceTree = "<group>"; };
		1DA0122A2CF21A0B00477D37 /* Poppins-Italic.ttf */ = {isa = PBXFileReference; lastKnownFileType = file; path = "Poppins-Italic.ttf"; sourceTree = "<group>"; };
		1DA0122B2CF21A0B00477D37 /* Poppins-Light.ttf */ = {isa = PBXFileReference; lastKnownFileType = file; path = "Poppins-Light.ttf"; sourceTree = "<group>"; };
		1DA0122C2CF21A0B00477D37 /* Poppins-LightItalic.ttf */ = {isa = PBXFileReference; lastKnownFileType = file; path = "Poppins-LightItalic.ttf"; sourceTree = "<group>"; };
		1DA0122D2CF21A0B00477D37 /* Poppins-Medium.ttf */ = {isa = PBXFileReference; lastKnownFileType = file; path = "Poppins-Medium.ttf"; sourceTree = "<group>"; };
		1DA0122E2CF21A0B00477D37 /* Poppins-MediumItalic.ttf */ = {isa = PBXFileReference; lastKnownFileType = file; path = "Poppins-MediumItalic.ttf"; sourceTree = "<group>"; };
		1DA0122F2CF21A0B00477D37 /* Poppins-Regular.ttf */ = {isa = PBXFileReference; lastKnownFileType = file; path = "Poppins-Regular.ttf"; sourceTree = "<group>"; };
		1DA012302CF21A0B00477D37 /* Poppins-SemiBold.ttf */ = {isa = PBXFileReference; lastKnownFileType = file; path = "Poppins-SemiBold.ttf"; sourceTree = "<group>"; };
		1DA012312CF21A0B00477D37 /* Poppins-SemiBoldItalic.ttf */ = {isa = PBXFileReference; lastKnownFileType = file; path = "Poppins-SemiBoldItalic.ttf"; sourceTree = "<group>"; };
		1DA012322CF21A0B00477D37 /* Poppins-Thin.ttf */ = {isa = PBXFileReference; lastKnownFileType = file; path = "Poppins-Thin.ttf"; sourceTree = "<group>"; };
		1DA012332CF21A0B00477D37 /* Poppins-ThinItalic.ttf */ = {isa = PBXFileReference; lastKnownFileType = file; path = "Poppins-ThinItalic.ttf"; sourceTree = "<group>"; };
		1DACD72C2C1C7D2D00847390 /* baraj24.entitlements */ = {isa = PBXFileReference; lastKnownFileType = text.plist.entitlements; path = baraj24.entitlements; sourceTree = "<group>"; };
		1DAE498E2B8DC57200292033 /* BarajlarTableViewCell.swift */ = {isa = PBXFileReference; lastKnownFileType = sourcecode.swift; path = BarajlarTableViewCell.swift; sourceTree = "<group>"; };
		1DBE11172C1B7DFC003F4D69 /* GoogleService-Info.plist */ = {isa = PBXFileReference; fileEncoding = 4; lastKnownFileType = text.plist.xml; path = "GoogleService-Info.plist"; sourceTree = "<group>"; };
		1DE29B902B876A0600A1993E /* OldData.swift */ = {isa = PBXFileReference; lastKnownFileType = sourcecode.swift; path = OldData.swift; sourceTree = "<group>"; };
		1DE8ED7A2CF5F57100964AFE /* OneSignalNotificationServiceExtension.appex */ = {isa = PBXFileReference; explicitFileType = "wrapper.app-extension"; includeInIndex = 0; path = OneSignalNotificationServiceExtension.appex; sourceTree = BUILT_PRODUCTS_DIR; };
		1DED1E3E2B8F7C74007F0D16 /* EAImageView.swift */ = {isa = PBXFileReference; lastKnownFileType = sourcecode.swift; path = EAImageView.swift; sourceTree = "<group>"; };
/* End PBXFileReference section */

/* Begin PBXFileSystemSynchronizedBuildFileExceptionSet section */
		1DE8ED822CF5F57100964AFE /* PBXFileSystemSynchronizedBuildFileExceptionSet */ = {
			isa = PBXFileSystemSynchronizedBuildFileExceptionSet;
			membershipExceptions = (
				Info.plist,
			);
			target = 1DE8ED792CF5F57100964AFE /* OneSignalNotificationServiceExtension */;
		};
/* End PBXFileSystemSynchronizedBuildFileExceptionSet section */

/* Begin PBXFileSystemSynchronizedRootGroup section */
		1D7380242CF0ABDC0084DA91 /* VC */ = {isa = PBXFileSystemSynchronizedRootGroup; explicitFileTypes = {}; explicitFolders = (); path = VC; sourceTree = "<group>"; };
		1DE8ED6A2CF5F54500964AFE /* OneSignalNotificationServiceExtension */ = {isa = PBXFileSystemSynchronizedRootGroup; explicitFileTypes = {}; explicitFolders = (); path = OneSignalNotificationServiceExtension; sourceTree = "<group>"; };
		1DE8ED7B2CF5F57100964AFE /* OneSignalNotificationServiceExtension */ = {isa = PBXFileSystemSynchronizedRootGroup; exceptions = (1DE8ED822CF5F57100964AFE /* PBXFileSystemSynchronizedBuildFileExceptionSet */, ); explicitFileTypes = {}; explicitFolders = (); path = OneSignalNotificationServiceExtension; sourceTree = "<group>"; };
/* End PBXFileSystemSynchronizedRootGroup section */

/* Begin PBXFrameworksBuildPhase section */
		1D6F41B92A81108700055D87 /* Frameworks */ = {
			isa = PBXFrameworksBuildPhase;
			buildActionMask = 2147483647;
			files = (
				1D58B5522CF7138E0071EDC1 /* Algorithms in Frameworks */,
				1D58B5402CF70B970071EDC1 /* OneSignalFramework in Frameworks */,
				1DA918302CF6F849007EB9AE /* GoogleMobileAds in Frameworks */,
				1D58B54F2CF713680071EDC1 /* DGCharts in Frameworks */,
				1DA9182D2CF6F81D007EB9AE /* Lottie in Frameworks */,
			);
			runOnlyForDeploymentPostprocessing = 0;
		};
		1D6F41D22A81108900055D87 /* Frameworks */ = {
			isa = PBXFrameworksBuildPhase;
			buildActionMask = 2147483647;
			files = (
			);
			runOnlyForDeploymentPostprocessing = 0;
		};
		1D6F41DC2A81108900055D87 /* Frameworks */ = {
			isa = PBXFrameworksBuildPhase;
			buildActionMask = 2147483647;
			files = (
			);
			runOnlyForDeploymentPostprocessing = 0;
		};
		1DE8ED772CF5F57100964AFE /* Frameworks */ = {
			isa = PBXFrameworksBuildPhase;
			buildActionMask = 2147483647;
			files = (
			);
			runOnlyForDeploymentPostprocessing = 0;
		};
/* End PBXFrameworksBuildPhase section */

/* Begin PBXGroup section */
		1D2917E12B89C6BB00C5E4FE /* Controller */ = {
			isa = PBXGroup;
			children = (
				1D58A3C72CF315A9002B2246 /* Dams */,
				1D7380212CF0A8BE0084DA91 /* Onboarding */,
				1D2917E32B89C7A300C5E4FE /* PickCityVC.swift */,
				1D2917E52B89D29900C5E4FE /* DetailsVC.swift */,
				1D2917EF2B8A260700C5E4FE /* DamVC.swift */,
				1D27AEBF2B9B71C500EF701D /* AlertVC.swift */,
			);
			name = Controller;
			sourceTree = "<group>";
		};
		1D2917E22B89C6C400C5E4FE /* Supporting */ = {
			isa = PBXGroup;
			children = (
				1D6F41BF2A81108800055D87 /* AppDelegate.swift */,
				1D6F41C12A81108800055D87 /* SceneDelegate.swift */,
				1D6F41CB2A81108900055D87 /* Assets.xcassets */,
			);
			name = Supporting;
			sourceTree = "<group>";
		};
		1D2917E72B89E46E00C5E4FE /* CustomUI */ = {
			isa = PBXGroup;
			children = (
				1D2917F32B8DC32C00C5E4FE /* Cell */,
				1D2917E82B89E47E00C5E4FE /* EALabel.swift */,
				1D2917EA2B89E6D400C5E4FE /* EATitle.swift */,
				1DED1E3E2B8F7C74007F0D16 /* EAImageView.swift */,
				1D27AEC12B9B729700EF701D /* EAButton.swift */,
				1D73802D2CF1E5070084DA91 /* EACircleProgress.swift */,
				1D58A3CC2CF31E03002B2246 /* EAPageControl.swift */,
			);
			name = CustomUI;
			sourceTree = "<group>";
		};
		1D2917EC2B89F20200C5E4FE /* Ext */ = {
			isa = PBXGroup;
			children = (
				1D2917ED2B89F21900C5E4FE /* UIViewController+Ext.swift */,
			);
			name = Ext;
			sourceTree = "<group>";
		};
		1D2917F32B8DC32C00C5E4FE /* Cell */ = {
			isa = PBXGroup;
			children = (
				1DAE498E2B8DC57200292033 /* BarajlarTableViewCell.swift */,
				1D58A3C32CF25A41002B2246 /* CitiesTableViewCell.swift */,
			);
			name = Cell;
			sourceTree = "<group>";
		};
		1D4EDFB82B7CF37500451EB1 /* Model */ = {
			isa = PBXGroup;
			children = (
				1D4EDFB92B7CF38500451EB1 /* Baraj.swift */,
				1DE29B902B876A0600A1993E /* OldData.swift */,
			);
			name = Model;
			sourceTree = "<group>";
		};
		1D58A3C72CF315A9002B2246 /* Dams */ = {
			isa = PBXGroup;
			children = (
				1D58A3C82CF315D5002B2246 /* DamsPC.swift */,
				1D58A3CA2CF318BB002B2246 /* DamRateVC.swift */,
				1D58A3CE2CF32598002B2246 /* DamListVC.swift */,
			);
			path = Dams;
			sourceTree = "<group>";
		};
		1D6F41B32A81108700055D87 = {
			isa = PBXGroup;
			children = (
				1D6F41BE2A81108800055D87 /* baraj24 */,
				1D6F41D82A81108900055D87 /* baraj24Tests */,
				1D6F41E22A81108900055D87 /* baraj24UITests */,
				1DE8ED6A2CF5F54500964AFE /* OneSignalNotificationServiceExtension */,
				1DE8ED7B2CF5F57100964AFE /* OneSignalNotificationServiceExtension */,
				1D6F41BD2A81108800055D87 /* Products */,
			);
			sourceTree = "<group>";
		};
		1D6F41BD2A81108800055D87 /* Products */ = {
			isa = PBXGroup;
			children = (
				1D6F41BC2A81108800055D87 /* baraj24.app */,
				1D6F41D52A81108900055D87 /* baraj24Tests.xctest */,
				1D6F41DF2A81108900055D87 /* baraj24UITests.xctest */,
				1DE8ED7A2CF5F57100964AFE /* OneSignalNotificationServiceExtension.appex */,
			);
			name = Products;
			sourceTree = "<group>";
		};
		1D6F41BE2A81108800055D87 /* baraj24 */ = {
			isa = PBXGroup;
			children = (
				1DA012202CF21A0200477D37 /* Fonts */,
				1D7380A02CF1FDBC0084DA91 /* Manager */,
				1DACD72C2C1C7D2D00847390 /* baraj24.entitlements */,
				1D58A3D02CF33CB8002B2246 /* Animation - 1732445464829.json */,
				1D58A3C52CF30D03002B2246 /* Anim.json */,
				1D73809E2CF1F6E80084DA91 /* Animation - 1732362065735.json */,
				1DBE11172C1B7DFC003F4D69 /* GoogleService-Info.plist */,
				1D2917EC2B89F20200C5E4FE /* Ext */,
				1D2917E72B89E46E00C5E4FE /* CustomUI */,
				1D2917E22B89C6C400C5E4FE /* Supporting */,
				1D2917E12B89C6BB00C5E4FE /* Controller */,
				1D4EDFB82B7CF37500451EB1 /* Model */,
				1D6F41CD2A81108900055D87 /* LaunchScreen.storyboard */,
				1D6F41D02A81108900055D87 /* Info.plist */,
				1D6F41C82A81108800055D87 /* baraj24.xcdatamodeld */,
			);
			path = baraj24;
			sourceTree = "<group>";
		};
		1D6F41D82A81108900055D87 /* baraj24Tests */ = {
			isa = PBXGroup;
			children = (
				1D6F41D92A81108900055D87 /* baraj24Tests.swift */,
			);
			path = baraj24Tests;
			sourceTree = "<group>";
		};
		1D6F41E22A81108900055D87 /* baraj24UITests */ = {
			isa = PBXGroup;
			children = (
				1D6F41E32A81108900055D87 /* baraj24UITests.swift */,
				1D6F41E52A81108900055D87 /* baraj24UITestsLaunchTests.swift */,
			);
			path = baraj24UITests;
			sourceTree = "<group>";
		};
		1D7380212CF0A8BE0084DA91 /* Onboarding */ = {
			isa = PBXGroup;
			children = (
				1D7380242CF0ABDC0084DA91 /* VC */,
				1D7380222CF0A8D40084DA91 /* OnboardingVC.swift */,
			);
			path = Onboarding;
			sourceTree = "<group>";
		};
		1D7380A02CF1FDBC0084DA91 /* Manager */ = {
			isa = PBXGroup;
			children = (
				1D7380A12CF1FDCC0084DA91 /* APIManager.swift */,
			);
			path = Manager;
			sourceTree = "<group>";
		};
		1DA012202CF21A0200477D37 /* Fonts */ = {
			isa = PBXGroup;
			children = (
				1DA012342CF21A0B00477D37 /* Poppins */,
			);
			path = Fonts;
			sourceTree = "<group>";
		};
		1DA012342CF21A0B00477D37 /* Poppins */ = {
			isa = PBXGroup;
			children = (
				1DA012212CF21A0B00477D37 /* OFL.txt */,
				1DA012222CF21A0B00477D37 /* Poppins-Black.ttf */,
				1DA012232CF21A0B00477D37 /* Poppins-BlackItalic.ttf */,
				1DA012242CF21A0B00477D37 /* Poppins-Bold.ttf */,
				1DA012252CF21A0B00477D37 /* Poppins-BoldItalic.ttf */,
				1DA012262CF21A0B00477D37 /* Poppins-ExtraBold.ttf */,
				1DA012272CF21A0B00477D37 /* Poppins-ExtraBoldItalic.ttf */,
				1DA012282CF21A0B00477D37 /* Poppins-ExtraLight.ttf */,
				1DA012292CF21A0B00477D37 /* Poppins-ExtraLightItalic.ttf */,
				1DA0122A2CF21A0B00477D37 /* Poppins-Italic.ttf */,
				1DA0122B2CF21A0B00477D37 /* Poppins-Light.ttf */,
				1DA0122C2CF21A0B00477D37 /* Poppins-LightItalic.ttf */,
				1DA0122D2CF21A0B00477D37 /* Poppins-Medium.ttf */,
				1DA0122E2CF21A0B00477D37 /* Poppins-MediumItalic.ttf */,
				1DA0122F2CF21A0B00477D37 /* Poppins-Regular.ttf */,
				1DA012302CF21A0B00477D37 /* Poppins-SemiBold.ttf */,
				1DA012312CF21A0B00477D37 /* Poppins-SemiBoldItalic.ttf */,
				1DA012322CF21A0B00477D37 /* Poppins-Thin.ttf */,
				1DA012332CF21A0B00477D37 /* Poppins-ThinItalic.ttf */,
			);
			path = Poppins;
			sourceTree = "<group>";
		};
/* End PBXGroup section */

/* Begin PBXNativeTarget section */
		1D6F41BB2A81108700055D87 /* baraj24 */ = {
			isa = PBXNativeTarget;
			buildConfigurationList = 1D6F41E92A81108900055D87 /* Build configuration list for PBXNativeTarget "baraj24" */;
			buildPhases = (
				1D6F41B82A81108700055D87 /* Sources */,
				1D6F41B92A81108700055D87 /* Frameworks */,
				1D6F41BA2A81108700055D87 /* Resources */,
				1DE8ED752CF5F54500964AFE /* Embed Foundation Extensions */,
			);
			buildRules = (
			);
			dependencies = (
				1DE8ED802CF5F57100964AFE /* PBXTargetDependency */,
			);
			fileSystemSynchronizedGroups = (
				1D7380242CF0ABDC0084DA91 /* VC */,
			);
			name = baraj24;
			packageProductDependencies = (
				1DA9182C2CF6F81D007EB9AE /* Lottie */,
				1DA9182F2CF6F849007EB9AE /* GoogleMobileAds */,
				1D58B53F2CF70B970071EDC1 /* OneSignalFramework */,
				1D58B54E2CF713680071EDC1 /* DGCharts */,
				1D58B5512CF7138E0071EDC1 /* Algorithms */,
			);
			productName = baraj24;
			productReference = 1D6F41BC2A81108800055D87 /* baraj24.app */;
			productType = "com.apple.product-type.application";
		};
		1D6F41D42A81108900055D87 /* baraj24Tests */ = {
			isa = PBXNativeTarget;
			buildConfigurationList = 1D6F41EC2A81108900055D87 /* Build configuration list for PBXNativeTarget "baraj24Tests" */;
			buildPhases = (
				4DF906316E8EE84EC6279248 /* [CP] Check Pods Manifest.lock */,
				1D6F41D12A81108900055D87 /* Sources */,
				1D6F41D22A81108900055D87 /* Frameworks */,
				1D6F41D32A81108900055D87 /* Resources */,
			);
			buildRules = (
			);
			dependencies = (
				1D6F41D72A81108900055D87 /* PBXTargetDependency */,
			);
			name = baraj24Tests;
			productName = baraj24Tests;
			productReference = 1D6F41D52A81108900055D87 /* baraj24Tests.xctest */;
			productType = "com.apple.product-type.bundle.unit-test";
		};
		1D6F41DE2A81108900055D87 /* baraj24UITests */ = {
			isa = PBXNativeTarget;
			buildConfigurationList = 1D6F41EF2A81108900055D87 /* Build configuration list for PBXNativeTarget "baraj24UITests" */;
			buildPhases = (
				465187D1C5BB87D0BCAF30D2 /* [CP] Check Pods Manifest.lock */,
				1D6F41DB2A81108900055D87 /* Sources */,
				1D6F41DC2A81108900055D87 /* Frameworks */,
				1D6F41DD2A81108900055D87 /* Resources */,
				28665EAB2983A7D79B010ABE /* [CP] Embed Pods Frameworks */,
			);
			buildRules = (
			);
			dependencies = (
				1D6F41E12A81108900055D87 /* PBXTargetDependency */,
			);
			name = baraj24UITests;
			productName = baraj24UITests;
			productReference = 1D6F41DF2A81108900055D87 /* baraj24UITests.xctest */;
			productType = "com.apple.product-type.bundle.ui-testing";
		};
		1DE8ED792CF5F57100964AFE /* OneSignalNotificationServiceExtension */ = {
			isa = PBXNativeTarget;
			buildConfigurationList = 1DE8ED832CF5F57100964AFE /* Build configuration list for PBXNativeTarget "OneSignalNotificationServiceExtension" */;
			buildPhases = (
				1DE8ED762CF5F57100964AFE /* Sources */,
				1DE8ED772CF5F57100964AFE /* Frameworks */,
				1DE8ED782CF5F57100964AFE /* Resources */,
			);
			buildRules = (
			);
			dependencies = (
			);
			fileSystemSynchronizedGroups = (
				1DE8ED7B2CF5F57100964AFE /* OneSignalNotificationServiceExtension */,
			);
			name = OneSignalNotificationServiceExtension;
			packageProductDependencies = (
			);
			productName = OneSignalNotificationServiceExtension;
			productReference = 1DE8ED7A2CF5F57100964AFE /* OneSignalNotificationServiceExtension.appex */;
			productType = "com.apple.product-type.app-extension";
		};
/* End PBXNativeTarget section */

/* Begin PBXProject section */
		1D6F41B42A81108700055D87 /* Project object */ = {
			isa = PBXProject;
			attributes = {
				BuildIndependentTargetsInParallel = 1;
				LastSwiftUpdateCheck = 1600;
				LastUpgradeCheck = 1430;
				TargetAttributes = {
					1D6F41BB2A81108700055D87 = {
						CreatedOnToolsVersion = 14.3.1;
					};
					1D6F41D42A81108900055D87 = {
						CreatedOnToolsVersion = 14.3.1;
						TestTargetID = 1D6F41BB2A81108700055D87;
					};
					1D6F41DE2A81108900055D87 = {
						CreatedOnToolsVersion = 14.3.1;
						TestTargetID = 1D6F41BB2A81108700055D87;
					};
					1DE8ED792CF5F57100964AFE = {
						CreatedOnToolsVersion = 16.0;
					};
				};
			};
			buildConfigurationList = 1D6F41B72A81108700055D87 /* Build configuration list for PBXProject "baraj24" */;
			compatibilityVersion = "Xcode 14.0";
			developmentRegion = en;
			hasScannedForEncodings = 0;
			knownRegions = (
				en,
				Base,
			);
			mainGroup = 1D6F41B32A81108700055D87;
			packageReferences = (
				1DA9182B2CF6F81D007EB9AE /* XCRemoteSwiftPackageReference "lottie-ios" */,
				1DA9182E2CF6F849007EB9AE /* XCRemoteSwiftPackageReference "swift-package-manager-google-mobile-ads" */,
				1D58B53E2CF70B970071EDC1 /* XCRemoteSwiftPackageReference "OneSignal-XCFramework" */,
				1D58B54D2CF713680071EDC1 /* XCRemoteSwiftPackageReference "Charts" */,
				1D58B5502CF7138E0071EDC1 /* XCRemoteSwiftPackageReference "swift-algorithms" */,
			);
			productRefGroup = 1D6F41BD2A81108800055D87 /* Products */;
			projectDirPath = "";
			projectRoot = "";
			targets = (
				1D6F41BB2A81108700055D87 /* baraj24 */,
				1D6F41D42A81108900055D87 /* baraj24Tests */,
				1D6F41DE2A81108900055D87 /* baraj24UITests */,
				1DE8ED792CF5F57100964AFE /* OneSignalNotificationServiceExtension */,
			);
		};
/* End PBXProject section */

/* Begin PBXResourcesBuildPhase section */
		1D6F41BA2A81108700055D87 /* Resources */ = {
			isa = PBXResourcesBuildPhase;
			buildActionMask = 2147483647;
			files = (
				1D6F41CF2A81108900055D87 /* LaunchScreen.storyboard in Resources */,
				1D73809F2CF1F6E80084DA91 /* Animation - 1732362065735.json in Resources */,
				1DBE11182C1B7DFC003F4D69 /* GoogleService-Info.plist in Resources */,
				1D6F41CC2A81108900055D87 /* Assets.xcassets in Resources */,
				1DA012352CF21A0B00477D37 /* Poppins-Thin.ttf in Resources */,
				1DA012362CF21A0B00477D37 /* Poppins-ExtraBoldItalic.ttf in Resources */,
				1DA012372CF21A0B00477D37 /* Poppins-Italic.ttf in Resources */,
				1DA012382CF21A0B00477D37 /* Poppins-ThinItalic.ttf in Resources */,
				1DA012392CF21A0B00477D37 /* Poppins-Black.ttf in Resources */,
				1DA0123A2CF21A0B00477D37 /* Poppins-Bold.ttf in Resources */,
				1DA0123B2CF21A0B00477D37 /* Poppins-ExtraBold.ttf in Resources */,
				1DA0123C2CF21A0B00477D37 /* Poppins-ExtraLight.ttf in Resources */,
				1DA0123D2CF21A0B00477D37 /* Poppins-Medium.ttf in Resources */,
				1D58A3D12CF33CB8002B2246 /* Animation - 1732445464829.json in Resources */,
				1DA0123E2CF21A0B00477D37 /* Poppins-SemiBold.ttf in Resources */,
				1D58A3C62CF30D03002B2246 /* Anim.json in Resources */,
				1DA0123F2CF21A0B00477D37 /* Poppins-SemiBoldItalic.ttf in Resources */,
				1DA012402CF21A0B00477D37 /* Poppins-BoldItalic.ttf in Resources */,
				1DA012412CF21A0B00477D37 /* Poppins-ExtraLightItalic.ttf in Resources */,
				1DA012422CF21A0B00477D37 /* Poppins-MediumItalic.ttf in Resources */,
				1DA012432CF21A0B00477D37 /* Poppins-Light.ttf in Resources */,
				1DA012442CF21A0B00477D37 /* Poppins-BlackItalic.ttf in Resources */,
				1DA012452CF21A0B00477D37 /* Poppins-Regular.ttf in Resources */,
				1DA012462CF21A0B00477D37 /* OFL.txt in Resources */,
				1DA012472CF21A0B00477D37 /* Poppins-LightItalic.ttf in Resources */,
			);
			runOnlyForDeploymentPostprocessing = 0;
		};
		1D6F41D32A81108900055D87 /* Resources */ = {
			isa = PBXResourcesBuildPhase;
			buildActionMask = 2147483647;
			files = (
			);
			runOnlyForDeploymentPostprocessing = 0;
		};
		1D6F41DD2A81108900055D87 /* Resources */ = {
			isa = PBXResourcesBuildPhase;
			buildActionMask = 2147483647;
			files = (
			);
			runOnlyForDeploymentPostprocessing = 0;
		};
		1DE8ED782CF5F57100964AFE /* Resources */ = {
			isa = PBXResourcesBuildPhase;
			buildActionMask = 2147483647;
			files = (
			);
			runOnlyForDeploymentPostprocessing = 0;
		};
/* End PBXResourcesBuildPhase section */

/* Begin PBXShellScriptBuildPhase section */
		28665EAB2983A7D79B010ABE /* [CP] Embed Pods Frameworks */ = {
			isa = PBXShellScriptBuildPhase;
			buildActionMask = 2147483647;
			files = (
			);
			inputFileListPaths = (
				"${PODS_ROOT}/Target Support Files/Pods-baraj24-baraj24UITests/Pods-baraj24-baraj24UITests-frameworks-${CONFIGURATION}-input-files.xcfilelist",
			);
			name = "[CP] Embed Pods Frameworks";
			outputFileListPaths = (
				"${PODS_ROOT}/Target Support Files/Pods-baraj24-baraj24UITests/Pods-baraj24-baraj24UITests-frameworks-${CONFIGURATION}-output-files.xcfilelist",
			);
			runOnlyForDeploymentPostprocessing = 0;
			shellPath = /bin/sh;
			shellScript = "\"${PODS_ROOT}/Target Support Files/Pods-baraj24-baraj24UITests/Pods-baraj24-baraj24UITests-frameworks.sh\"\n";
			showEnvVarsInLog = 0;
		};
		465187D1C5BB87D0BCAF30D2 /* [CP] Check Pods Manifest.lock */ = {
			isa = PBXShellScriptBuildPhase;
			buildActionMask = 2147483647;
			files = (
			);
			inputFileListPaths = (
			);
			inputPaths = (
				"${PODS_PODFILE_DIR_PATH}/Podfile.lock",
				"${PODS_ROOT}/Manifest.lock",
			);
			name = "[CP] Check Pods Manifest.lock";
			outputFileListPaths = (
			);
			outputPaths = (
				"$(DERIVED_FILE_DIR)/Pods-baraj24-baraj24UITests-checkManifestLockResult.txt",
			);
			runOnlyForDeploymentPostprocessing = 0;
			shellPath = /bin/sh;
			shellScript = "diff \"${PODS_PODFILE_DIR_PATH}/Podfile.lock\" \"${PODS_ROOT}/Manifest.lock\" > /dev/null\nif [ $? != 0 ] ; then\n    # print error to STDERR\n    echo \"error: The sandbox is not in sync with the Podfile.lock. Run 'pod install' or update your CocoaPods installation.\" >&2\n    exit 1\nfi\n# This output is used by Xcode 'outputs' to avoid re-running this script phase.\necho \"SUCCESS\" > \"${SCRIPT_OUTPUT_FILE_0}\"\n";
			showEnvVarsInLog = 0;
		};
		4DF906316E8EE84EC6279248 /* [CP] Check Pods Manifest.lock */ = {
			isa = PBXShellScriptBuildPhase;
			buildActionMask = 2147483647;
			files = (
			);
			inputFileListPaths = (
			);
			inputPaths = (
				"${PODS_PODFILE_DIR_PATH}/Podfile.lock",
				"${PODS_ROOT}/Manifest.lock",
			);
			name = "[CP] Check Pods Manifest.lock";
			outputFileListPaths = (
			);
			outputPaths = (
				"$(DERIVED_FILE_DIR)/Pods-baraj24Tests-checkManifestLockResult.txt",
			);
			runOnlyForDeploymentPostprocessing = 0;
			shellPath = /bin/sh;
			shellScript = "diff \"${PODS_PODFILE_DIR_PATH}/Podfile.lock\" \"${PODS_ROOT}/Manifest.lock\" > /dev/null\nif [ $? != 0 ] ; then\n    # print error to STDERR\n    echo \"error: The sandbox is not in sync with the Podfile.lock. Run 'pod install' or update your CocoaPods installation.\" >&2\n    exit 1\nfi\n# This output is used by Xcode 'outputs' to avoid re-running this script phase.\necho \"SUCCESS\" > \"${SCRIPT_OUTPUT_FILE_0}\"\n";
			showEnvVarsInLog = 0;
		};
/* End PBXShellScriptBuildPhase section */

/* Begin PBXSourcesBuildPhase section */
		1D6F41B82A81108700055D87 /* Sources */ = {
			isa = PBXSourcesBuildPhase;
			buildActionMask = 2147483647;
			files = (
				1D73802E2CF1E5070084DA91 /* EACircleProgress.swift in Sources */,
				1D7380A22CF1FDCC0084DA91 /* APIManager.swift in Sources */,
				1D2917F02B8A260700C5E4FE /* DamVC.swift in Sources */,
				1D2917E62B89D29900C5E4FE /* DetailsVC.swift in Sources */,
				1D2917EE2B89F21900C5E4FE /* UIViewController+Ext.swift in Sources */,
				1DAE498F2B8DC57200292033 /* BarajlarTableViewCell.swift in Sources */,
				1D58A3CD2CF31E03002B2246 /* EAPageControl.swift in Sources */,
				1D2917EB2B89E6D400C5E4FE /* EATitle.swift in Sources */,
				1D6F41C02A81108800055D87 /* AppDelegate.swift in Sources */,
				1D58A3CF2CF32598002B2246 /* DamListVC.swift in Sources */,
				1D2917E92B89E47E00C5E4FE /* EALabel.swift in Sources */,
				1DE29B912B876A0600A1993E /* OldData.swift in Sources */,
				1DED1E3F2B8F7C74007F0D16 /* EAImageView.swift in Sources */,
				1D58A3C92CF315D5002B2246 /* DamsPC.swift in Sources */,
				1D7380232CF0A8D40084DA91 /* OnboardingVC.swift in Sources */,
				1D6F41CA2A81108800055D87 /* baraj24.xcdatamodeld in Sources */,
				1D4EDFBA2B7CF38500451EB1 /* Baraj.swift in Sources */,
				1D27AEC02B9B71C500EF701D /* AlertVC.swift in Sources */,
				1D58A3C42CF25A41002B2246 /* CitiesTableViewCell.swift in Sources */,
				1D6F41C22A81108800055D87 /* SceneDelegate.swift in Sources */,
				1D2917E42B89C7A300C5E4FE /* PickCityVC.swift in Sources */,
				1D27AEC22B9B729700EF701D /* EAButton.swift in Sources */,
				1D58A3CB2CF318BB002B2246 /* DamRateVC.swift in Sources */,
			);
			runOnlyForDeploymentPostprocessing = 0;
		};
		1D6F41D12A81108900055D87 /* Sources */ = {
			isa = PBXSourcesBuildPhase;
			buildActionMask = 2147483647;
			files = (
				1D6F41DA2A81108900055D87 /* baraj24Tests.swift in Sources */,
			);
			runOnlyForDeploymentPostprocessing = 0;
		};
		1D6F41DB2A81108900055D87 /* Sources */ = {
			isa = PBXSourcesBuildPhase;
			buildActionMask = 2147483647;
			files = (
				1D6F41E42A81108900055D87 /* baraj24UITests.swift in Sources */,
				1D6F41E62A81108900055D87 /* baraj24UITestsLaunchTests.swift in Sources */,
			);
			runOnlyForDeploymentPostprocessing = 0;
		};
		1DE8ED762CF5F57100964AFE /* Sources */ = {
			isa = PBXSourcesBuildPhase;
			buildActionMask = 2147483647;
			files = (
			);
			runOnlyForDeploymentPostprocessing = 0;
		};
/* End PBXSourcesBuildPhase section */

/* Begin PBXTargetDependency section */
		1D6F41D72A81108900055D87 /* PBXTargetDependency */ = {
			isa = PBXTargetDependency;
			target = 1D6F41BB2A81108700055D87 /* baraj24 */;
			targetProxy = 1D6F41D62A81108900055D87 /* PBXContainerItemProxy */;
		};
		1D6F41E12A81108900055D87 /* PBXTargetDependency */ = {
			isa = PBXTargetDependency;
			target = 1D6F41BB2A81108700055D87 /* baraj24 */;
			targetProxy = 1D6F41E02A81108900055D87 /* PBXContainerItemProxy */;
		};
		1DE8ED802CF5F57100964AFE /* PBXTargetDependency */ = {
			isa = PBXTargetDependency;
			target = 1DE8ED792CF5F57100964AFE /* OneSignalNotificationServiceExtension */;
			targetProxy = 1DE8ED7F2CF5F57100964AFE /* PBXContainerItemProxy */;
		};
/* End PBXTargetDependency section */

/* Begin PBXVariantGroup section */
		1D6F41CD2A81108900055D87 /* LaunchScreen.storyboard */ = {
			isa = PBXVariantGroup;
			children = (
				1D6F41CE2A81108900055D87 /* Base */,
			);
			name = LaunchScreen.storyboard;
			sourceTree = "<group>";
		};
/* End PBXVariantGroup section */

/* Begin XCBuildConfiguration section */
		1D6F41E72A81108900055D87 /* Debug */ = {
			isa = XCBuildConfiguration;
			buildSettings = {
				ALWAYS_SEARCH_USER_PATHS = NO;
				CLANG_ANALYZER_NONNULL = YES;
				CLANG_ANALYZER_NUMBER_OBJECT_CONVERSION = YES_AGGRESSIVE;
				CLANG_CXX_LANGUAGE_STANDARD = "gnu++20";
				CLANG_ENABLE_MODULES = YES;
				CLANG_ENABLE_OBJC_ARC = YES;
				CLANG_ENABLE_OBJC_WEAK = YES;
				CLANG_WARN_BLOCK_CAPTURE_AUTORELEASING = YES;
				CLANG_WARN_BOOL_CONVERSION = YES;
				CLANG_WARN_COMMA = YES;
				CLANG_WARN_CONSTANT_CONVERSION = YES;
				CLANG_WARN_DEPRECATED_OBJC_IMPLEMENTATIONS = YES;
				CLANG_WARN_DIRECT_OBJC_ISA_USAGE = YES_ERROR;
				CLANG_WARN_DOCUMENTATION_COMMENTS = YES;
				CLANG_WARN_EMPTY_BODY = YES;
				CLANG_WARN_ENUM_CONVERSION = YES;
				CLANG_WARN_INFINITE_RECURSION = YES;
				CLANG_WARN_INT_CONVERSION = YES;
				CLANG_WARN_NON_LITERAL_NULL_CONVERSION = YES;
				CLANG_WARN_OBJC_IMPLICIT_RETAIN_SELF = YES;
				CLANG_WARN_OBJC_LITERAL_CONVERSION = YES;
				CLANG_WARN_OBJC_ROOT_CLASS = YES_ERROR;
				CLANG_WARN_QUOTED_INCLUDE_IN_FRAMEWORK_HEADER = YES;
				CLANG_WARN_RANGE_LOOP_ANALYSIS = YES;
				CLANG_WARN_STRICT_PROTOTYPES = YES;
				CLANG_WARN_SUSPICIOUS_MOVE = YES;
				CLANG_WARN_UNGUARDED_AVAILABILITY = YES_AGGRESSIVE;
				CLANG_WARN_UNREACHABLE_CODE = YES;
				CLANG_WARN__DUPLICATE_METHOD_MATCH = YES;
				COPY_PHASE_STRIP = NO;
				DEBUG_INFORMATION_FORMAT = dwarf;
				ENABLE_STRICT_OBJC_MSGSEND = YES;
				ENABLE_TESTABILITY = YES;
				GCC_C_LANGUAGE_STANDARD = gnu11;
				GCC_DYNAMIC_NO_PIC = NO;
				GCC_NO_COMMON_BLOCKS = YES;
				GCC_OPTIMIZATION_LEVEL = 0;
				GCC_PREPROCESSOR_DEFINITIONS = (
					"DEBUG=1",
					"$(inherited)",
				);
				GCC_WARN_64_TO_32_BIT_CONVERSION = YES;
				GCC_WARN_ABOUT_RETURN_TYPE = YES_ERROR;
				GCC_WARN_UNDECLARED_SELECTOR = YES;
				GCC_WARN_UNINITIALIZED_AUTOS = YES_AGGRESSIVE;
				GCC_WARN_UNUSED_FUNCTION = YES;
				GCC_WARN_UNUSED_VARIABLE = YES;
				IPHONEOS_DEPLOYMENT_TARGET = 12.0;
				MTL_ENABLE_DEBUG_INFO = INCLUDE_SOURCE;
				MTL_FAST_MATH = YES;
				ONLY_ACTIVE_ARCH = YES;
				SDKROOT = iphoneos;
				SWIFT_ACTIVE_COMPILATION_CONDITIONS = DEBUG;
				SWIFT_OPTIMIZATION_LEVEL = "-Onone";
			};
			name = Debug;
		};
		1D6F41E82A81108900055D87 /* Release */ = {
			isa = XCBuildConfiguration;
			buildSettings = {
				ALWAYS_SEARCH_USER_PATHS = NO;
				CLANG_ANALYZER_NONNULL = YES;
				CLANG_ANALYZER_NUMBER_OBJECT_CONVERSION = YES_AGGRESSIVE;
				CLANG_CXX_LANGUAGE_STANDARD = "gnu++20";
				CLANG_ENABLE_MODULES = YES;
				CLANG_ENABLE_OBJC_ARC = YES;
				CLANG_ENABLE_OBJC_WEAK = YES;
				CLANG_WARN_BLOCK_CAPTURE_AUTORELEASING = YES;
				CLANG_WARN_BOOL_CONVERSION = YES;
				CLANG_WARN_COMMA = YES;
				CLANG_WARN_CONSTANT_CONVERSION = YES;
				CLANG_WARN_DEPRECATED_OBJC_IMPLEMENTATIONS = YES;
				CLANG_WARN_DIRECT_OBJC_ISA_USAGE = YES_ERROR;
				CLANG_WARN_DOCUMENTATION_COMMENTS = YES;
				CLANG_WARN_EMPTY_BODY = YES;
				CLANG_WARN_ENUM_CONVERSION = YES;
				CLANG_WARN_INFINITE_RECURSION = YES;
				CLANG_WARN_INT_CONVERSION = YES;
				CLANG_WARN_NON_LITERAL_NULL_CONVERSION = YES;
				CLANG_WARN_OBJC_IMPLICIT_RETAIN_SELF = YES;
				CLANG_WARN_OBJC_LITERAL_CONVERSION = YES;
				CLANG_WARN_OBJC_ROOT_CLASS = YES_ERROR;
				CLANG_WARN_QUOTED_INCLUDE_IN_FRAMEWORK_HEADER = YES;
				CLANG_WARN_RANGE_LOOP_ANALYSIS = YES;
				CLANG_WARN_STRICT_PROTOTYPES = YES;
				CLANG_WARN_SUSPICIOUS_MOVE = YES;
				CLANG_WARN_UNGUARDED_AVAILABILITY = YES_AGGRESSIVE;
				CLANG_WARN_UNREACHABLE_CODE = YES;
				CLANG_WARN__DUPLICATE_METHOD_MATCH = YES;
				COPY_PHASE_STRIP = NO;
				DEBUG_INFORMATION_FORMAT = "dwarf-with-dsym";
				ENABLE_NS_ASSERTIONS = NO;
				ENABLE_STRICT_OBJC_MSGSEND = YES;
				GCC_C_LANGUAGE_STANDARD = gnu11;
				GCC_NO_COMMON_BLOCKS = YES;
				GCC_WARN_64_TO_32_BIT_CONVERSION = YES;
				GCC_WARN_ABOUT_RETURN_TYPE = YES_ERROR;
				GCC_WARN_UNDECLARED_SELECTOR = YES;
				GCC_WARN_UNINITIALIZED_AUTOS = YES_AGGRESSIVE;
				GCC_WARN_UNUSED_FUNCTION = YES;
				GCC_WARN_UNUSED_VARIABLE = YES;
				IPHONEOS_DEPLOYMENT_TARGET = 12.0;
				MTL_ENABLE_DEBUG_INFO = NO;
				MTL_FAST_MATH = YES;
				SDKROOT = iphoneos;
				SWIFT_COMPILATION_MODE = wholemodule;
				SWIFT_OPTIMIZATION_LEVEL = "-O";
				VALIDATE_PRODUCT = YES;
			};
			name = Release;
		};
		1D6F41EA2A81108900055D87 /* Debug */ = {
			isa = XCBuildConfiguration;
			buildSettings = {
				ASSETCATALOG_COMPILER_APPICON_NAME = AppIcon;
				ASSETCATALOG_COMPILER_GLOBAL_ACCENT_COLOR_NAME = AccentColor;
				CODE_SIGN_ENTITLEMENTS = baraj24/baraj24.entitlements;
				CODE_SIGN_IDENTITY = "Apple Development";
				CODE_SIGN_STYLE = Automatic;
				CURRENT_PROJECT_VERSION = 1;
				DEVELOPMENT_TEAM = 4NVD8GK9BF;
				GENERATE_INFOPLIST_FILE = YES;
				INFOPLIST_FILE = baraj24/Info.plist;
				INFOPLIST_KEY_NSLocationWhenInUseUsageDescription = "Size en yakın barajları gösterebilmek için konum bilginize ihtiyaç duyuyoruz.";
				INFOPLIST_KEY_UIApplicationSupportsIndirectInputEvents = YES;
				INFOPLIST_KEY_UILaunchStoryboardName = LaunchScreen;
				INFOPLIST_KEY_UISupportedInterfaceOrientations_iPad = "UIInterfaceOrientationPortrait UIInterfaceOrientationPortraitUpsideDown UIInterfaceOrientationLandscapeLeft UIInterfaceOrientationLandscapeRight";
				INFOPLIST_KEY_UISupportedInterfaceOrientations_iPhone = "UIInterfaceOrientationPortrait UIInterfaceOrientationLandscapeLeft UIInterfaceOrientationLandscapeRight";
				INFOPLIST_KEY_UIUserInterfaceStyle = Light;
				IPHONEOS_DEPLOYMENT_TARGET = 13.0;
				LD_RUNPATH_SEARCH_PATHS = (
					"$(inherited)",
					"@executable_path/Frameworks",
				);
				MARKETING_VERSION = 0.4.0;
				PRODUCT_BUNDLE_IDENTIFIER = com.emiraksu.baraj24Application1;
				PRODUCT_NAME = "$(TARGET_NAME)";
				PROVISIONING_PROFILE_SPECIFIER = "";
				SWIFT_EMIT_LOC_STRINGS = YES;
				SWIFT_VERSION = 5.0;
				TARGETED_DEVICE_FAMILY = "1,2";
			};
			name = Debug;
		};
		1D6F41EB2A81108900055D87 /* Release */ = {
			isa = XCBuildConfiguration;
			buildSettings = {
				ASSETCATALOG_COMPILER_APPICON_NAME = AppIcon;
				ASSETCATALOG_COMPILER_GLOBAL_ACCENT_COLOR_NAME = AccentColor;
				CODE_SIGN_ENTITLEMENTS = baraj24/baraj24.entitlements;
				CODE_SIGN_IDENTITY = "Apple Development";
				CODE_SIGN_STYLE = Automatic;
				CURRENT_PROJECT_VERSION = 1;
				DEVELOPMENT_TEAM = 4NVD8GK9BF;
				GENERATE_INFOPLIST_FILE = YES;
				INFOPLIST_FILE = baraj24/Info.plist;
				INFOPLIST_KEY_NSLocationWhenInUseUsageDescription = "Size en yakın barajları gösterebilmek için konum bilginize ihtiyaç duyuyoruz.";
				INFOPLIST_KEY_UIApplicationSupportsIndirectInputEvents = YES;
				INFOPLIST_KEY_UILaunchStoryboardName = LaunchScreen;
				INFOPLIST_KEY_UISupportedInterfaceOrientations_iPad = "UIInterfaceOrientationPortrait UIInterfaceOrientationPortraitUpsideDown UIInterfaceOrientationLandscapeLeft UIInterfaceOrientationLandscapeRight";
				INFOPLIST_KEY_UISupportedInterfaceOrientations_iPhone = "UIInterfaceOrientationPortrait UIInterfaceOrientationLandscapeLeft UIInterfaceOrientationLandscapeRight";
				INFOPLIST_KEY_UIUserInterfaceStyle = Light;
				IPHONEOS_DEPLOYMENT_TARGET = 13.0;
				LD_RUNPATH_SEARCH_PATHS = (
					"$(inherited)",
					"@executable_path/Frameworks",
				);
				MARKETING_VERSION = 0.4.0;
				PRODUCT_BUNDLE_IDENTIFIER = com.emiraksu.baraj24Application1;
				PRODUCT_NAME = "$(TARGET_NAME)";
				PROVISIONING_PROFILE_SPECIFIER = "";
				SWIFT_EMIT_LOC_STRINGS = YES;
				SWIFT_VERSION = 5.0;
				TARGETED_DEVICE_FAMILY = "1,2";
			};
			name = Release;
		};
		1D6F41ED2A81108900055D87 /* Debug */ = {
			isa = XCBuildConfiguration;
			buildSettings = {
				ALWAYS_EMBED_SWIFT_STANDARD_LIBRARIES = YES;
				BUNDLE_LOADER = "$(TEST_HOST)";
				CODE_SIGN_STYLE = Automatic;
				CURRENT_PROJECT_VERSION = 1;
				DEVELOPMENT_TEAM = 4NVD8GK9BF;
				GENERATE_INFOPLIST_FILE = YES;
				IPHONEOS_DEPLOYMENT_TARGET = 16.4;
				MARKETING_VERSION = 1.0;
				PRODUCT_BUNDLE_IDENTIFIER = com.emiraksu.baraj24Tests;
				PRODUCT_NAME = "$(TARGET_NAME)";
				SWIFT_EMIT_LOC_STRINGS = NO;
				SWIFT_VERSION = 5.0;
				TARGETED_DEVICE_FAMILY = "1,2";
				TEST_HOST = "$(BUILT_PRODUCTS_DIR)/baraj24.app/$(BUNDLE_EXECUTABLE_FOLDER_PATH)/baraj24";
			};
			name = Debug;
		};
		1D6F41EE2A81108900055D87 /* Release */ = {
			isa = XCBuildConfiguration;
			buildSettings = {
				ALWAYS_EMBED_SWIFT_STANDARD_LIBRARIES = YES;
				BUNDLE_LOADER = "$(TEST_HOST)";
				CODE_SIGN_STYLE = Automatic;
				CURRENT_PROJECT_VERSION = 1;
				DEVELOPMENT_TEAM = 4NVD8GK9BF;
				GENERATE_INFOPLIST_FILE = YES;
				IPHONEOS_DEPLOYMENT_TARGET = 16.4;
				MARKETING_VERSION = 1.0;
				PRODUCT_BUNDLE_IDENTIFIER = com.emiraksu.baraj24Tests;
				PRODUCT_NAME = "$(TARGET_NAME)";
				SWIFT_EMIT_LOC_STRINGS = NO;
				SWIFT_VERSION = 5.0;
				TARGETED_DEVICE_FAMILY = "1,2";
				TEST_HOST = "$(BUILT_PRODUCTS_DIR)/baraj24.app/$(BUNDLE_EXECUTABLE_FOLDER_PATH)/baraj24";
			};
			name = Release;
		};
		1D6F41F02A81108900055D87 /* Debug */ = {
			isa = XCBuildConfiguration;
			buildSettings = {
				ALWAYS_EMBED_SWIFT_STANDARD_LIBRARIES = YES;
				CODE_SIGN_STYLE = Automatic;
				CURRENT_PROJECT_VERSION = 1;
				DEVELOPMENT_TEAM = 4NVD8GK9BF;
				GENERATE_INFOPLIST_FILE = YES;
				MARKETING_VERSION = 1.0;
				PRODUCT_BUNDLE_IDENTIFIER = com.emiraksu.baraj24UITests;
				PRODUCT_NAME = "$(TARGET_NAME)";
				SWIFT_EMIT_LOC_STRINGS = NO;
				SWIFT_VERSION = 5.0;
				TARGETED_DEVICE_FAMILY = "1,2";
				TEST_TARGET_NAME = baraj24;
			};
			name = Debug;
		};
		1D6F41F12A81108900055D87 /* Release */ = {
			isa = XCBuildConfiguration;
			buildSettings = {
				ALWAYS_EMBED_SWIFT_STANDARD_LIBRARIES = YES;
				CODE_SIGN_STYLE = Automatic;
				CURRENT_PROJECT_VERSION = 1;
				DEVELOPMENT_TEAM = 4NVD8GK9BF;
				GENERATE_INFOPLIST_FILE = YES;
				MARKETING_VERSION = 1.0;
				PRODUCT_BUNDLE_IDENTIFIER = com.emiraksu.baraj24UITests;
				PRODUCT_NAME = "$(TARGET_NAME)";
				SWIFT_EMIT_LOC_STRINGS = NO;
				SWIFT_VERSION = 5.0;
				TARGETED_DEVICE_FAMILY = "1,2";
				TEST_TARGET_NAME = baraj24;
			};
			name = Release;
		};
		1DE8ED842CF5F57100964AFE /* Debug */ = {
			isa = XCBuildConfiguration;
			buildSettings = {
				ASSETCATALOG_COMPILER_GENERATE_SWIFT_ASSET_SYMBOL_EXTENSIONS = YES;
				CODE_SIGN_IDENTITY = "Apple Development";
				CODE_SIGN_STYLE = Automatic;
				CURRENT_PROJECT_VERSION = 1;
				DEVELOPMENT_TEAM = 4NVD8GK9BF;
				ENABLE_USER_SCRIPT_SANDBOXING = YES;
				GCC_C_LANGUAGE_STANDARD = gnu17;
				GENERATE_INFOPLIST_FILE = YES;
				INFOPLIST_FILE = OneSignalNotificationServiceExtension/Info.plist;
				INFOPLIST_KEY_CFBundleDisplayName = OneSignalNotificationServiceExtension;
				INFOPLIST_KEY_NSHumanReadableCopyright = "";
				IPHONEOS_DEPLOYMENT_TARGET = 13.0;
				LD_RUNPATH_SEARCH_PATHS = (
					"$(inherited)",
					"@executable_path/Frameworks",
					"@executable_path/../../Frameworks",
				);
				LOCALIZATION_PREFERS_STRING_CATALOGS = YES;
				MARKETING_VERSION = 1.0;
				PRODUCT_BUNDLE_IDENTIFIER = com.emiraksu.baraj24Application1.OneSignalNotificationServiceExtension;
				PRODUCT_NAME = "$(TARGET_NAME)";
				SKIP_INSTALL = YES;
				SWIFT_ACTIVE_COMPILATION_CONDITIONS = "DEBUG $(inherited)";
				SWIFT_EMIT_LOC_STRINGS = YES;
				SWIFT_VERSION = 5.0;
				TARGETED_DEVICE_FAMILY = "1,2";
			};
			name = Debug;
		};
		1DE8ED852CF5F57100964AFE /* Release */ = {
			isa = XCBuildConfiguration;
			buildSettings = {
				ASSETCATALOG_COMPILER_GENERATE_SWIFT_ASSET_SYMBOL_EXTENSIONS = YES;
				CODE_SIGN_IDENTITY = "Apple Development";
				CODE_SIGN_STYLE = Automatic;
				CURRENT_PROJECT_VERSION = 1;
				DEVELOPMENT_TEAM = 4NVD8GK9BF;
				ENABLE_USER_SCRIPT_SANDBOXING = YES;
				GCC_C_LANGUAGE_STANDARD = gnu17;
				GENERATE_INFOPLIST_FILE = YES;
				INFOPLIST_FILE = OneSignalNotificationServiceExtension/Info.plist;
				INFOPLIST_KEY_CFBundleDisplayName = OneSignalNotificationServiceExtension;
				INFOPLIST_KEY_NSHumanReadableCopyright = "";
				IPHONEOS_DEPLOYMENT_TARGET = 13.0;
				LD_RUNPATH_SEARCH_PATHS = (
					"$(inherited)",
					"@executable_path/Frameworks",
					"@executable_path/../../Frameworks",
				);
				LOCALIZATION_PREFERS_STRING_CATALOGS = YES;
				MARKETING_VERSION = 1.0;
				PRODUCT_BUNDLE_IDENTIFIER = com.emiraksu.baraj24Application1.OneSignalNotificationServiceExtension;
				PRODUCT_NAME = "$(TARGET_NAME)";
				SKIP_INSTALL = YES;
				SWIFT_EMIT_LOC_STRINGS = YES;
				SWIFT_VERSION = 5.0;
				TARGETED_DEVICE_FAMILY = "1,2";
			};
			name = Release;
		};
/* End XCBuildConfiguration section */

/* Begin XCConfigurationList section */
		1D6F41B72A81108700055D87 /* Build configuration list for PBXProject "baraj24" */ = {
			isa = XCConfigurationList;
			buildConfigurations = (
				1D6F41E72A81108900055D87 /* Debug */,
				1D6F41E82A81108900055D87 /* Release */,
			);
			defaultConfigurationIsVisible = 0;
			defaultConfigurationName = Release;
		};
		1D6F41E92A81108900055D87 /* Build configuration list for PBXNativeTarget "baraj24" */ = {
			isa = XCConfigurationList;
			buildConfigurations = (
				1D6F41EA2A81108900055D87 /* Debug */,
				1D6F41EB2A81108900055D87 /* Release */,
			);
			defaultConfigurationIsVisible = 0;
			defaultConfigurationName = Release;
		};
		1D6F41EC2A81108900055D87 /* Build configuration list for PBXNativeTarget "baraj24Tests" */ = {
			isa = XCConfigurationList;
			buildConfigurations = (
				1D6F41ED2A81108900055D87 /* Debug */,
				1D6F41EE2A81108900055D87 /* Release */,
			);
			defaultConfigurationIsVisible = 0;
			defaultConfigurationName = Release;
		};
		1D6F41EF2A81108900055D87 /* Build configuration list for PBXNativeTarget "baraj24UITests" */ = {
			isa = XCConfigurationList;
			buildConfigurations = (
				1D6F41F02A81108900055D87 /* Debug */,
				1D6F41F12A81108900055D87 /* Release */,
			);
			defaultConfigurationIsVisible = 0;
			defaultConfigurationName = Release;
		};
		1DE8ED832CF5F57100964AFE /* Build configuration list for PBXNativeTarget "OneSignalNotificationServiceExtension" */ = {
			isa = XCConfigurationList;
			buildConfigurations = (
				1DE8ED842CF5F57100964AFE /* Debug */,
				1DE8ED852CF5F57100964AFE /* Release */,
			);
			defaultConfigurationIsVisible = 0;
			defaultConfigurationName = Release;
		};
/* End XCConfigurationList section */

/* Begin XCRemoteSwiftPackageReference section */
		1D58B53E2CF70B970071EDC1 /* XCRemoteSwiftPackageReference "OneSignal-XCFramework" */ = {
			isa = XCRemoteSwiftPackageReference;
			repositoryURL = "https://github.com/OneSignal/OneSignal-XCFramework";
			requirement = {
				kind = upToNextMajorVersion;
				minimumVersion = 5.2.8;
			};
		};
		1D58B54D2CF713680071EDC1 /* XCRemoteSwiftPackageReference "Charts" */ = {
			isa = XCRemoteSwiftPackageReference;
			repositoryURL = "https://github.com/ChartsOrg/Charts";
			requirement = {
				kind = upToNextMajorVersion;
				minimumVersion = 5.1.0;
			};
		};
		1D58B5502CF7138E0071EDC1 /* XCRemoteSwiftPackageReference "swift-algorithms" */ = {
			isa = XCRemoteSwiftPackageReference;
			repositoryURL = "https://github.com/apple/swift-algorithms.git";
			requirement = {
				kind = upToNextMajorVersion;
				minimumVersion = 1.2.0;
			};
		};
		1DA9182B2CF6F81D007EB9AE /* XCRemoteSwiftPackageReference "lottie-ios" */ = {
			isa = XCRemoteSwiftPackageReference;
			repositoryURL = "https://github.com/airbnb/lottie-ios";
			requirement = {
				kind = upToNextMajorVersion;
				minimumVersion = 4.5.0;
			};
		};
		1DA9182E2CF6F849007EB9AE /* XCRemoteSwiftPackageReference "swift-package-manager-google-mobile-ads" */ = {
			isa = XCRemoteSwiftPackageReference;
			repositoryURL = "https://github.com/googleads/swift-package-manager-google-mobile-ads.git";
			requirement = {
				kind = upToNextMajorVersion;
				minimumVersion = 11.12.0;
			};
		};
/* End XCRemoteSwiftPackageReference section */

/* Begin XCSwiftPackageProductDependency section */
		1D58B53F2CF70B970071EDC1 /* OneSignalFramework */ = {
			isa = XCSwiftPackageProductDependency;
			package = 1D58B53E2CF70B970071EDC1 /* XCRemoteSwiftPackageReference "OneSignal-XCFramework" */;
			productName = OneSignalFramework;
		};
		1D58B54E2CF713680071EDC1 /* DGCharts */ = {
			isa = XCSwiftPackageProductDependency;
			package = 1D58B54D2CF713680071EDC1 /* XCRemoteSwiftPackageReference "Charts" */;
			productName = DGCharts;
		};
		1D58B5512CF7138E0071EDC1 /* Algorithms */ = {
			isa = XCSwiftPackageProductDependency;
			package = 1D58B5502CF7138E0071EDC1 /* XCRemoteSwiftPackageReference "swift-algorithms" */;
			productName = Algorithms;
		};
		1DA9182C2CF6F81D007EB9AE /* Lottie */ = {
			isa = XCSwiftPackageProductDependency;
			package = 1DA9182B2CF6F81D007EB9AE /* XCRemoteSwiftPackageReference "lottie-ios" */;
			productName = Lottie;
		};
		1DA9182F2CF6F849007EB9AE /* GoogleMobileAds */ = {
			isa = XCSwiftPackageProductDependency;
			package = 1DA9182E2CF6F849007EB9AE /* XCRemoteSwiftPackageReference "swift-package-manager-google-mobile-ads" */;
			productName = GoogleMobileAds;
		};
/* End XCSwiftPackageProductDependency section */

/* Begin XCVersionGroup section */
		1D6F41C82A81108800055D87 /* baraj24.xcdatamodeld */ = {
			isa = XCVersionGroup;
			children = (
				1D6F41C92A81108800055D87 /* baraj24.xcdatamodel */,
			);
			currentVersion = 1D6F41C92A81108800055D87 /* baraj24.xcdatamodel */;
			path = baraj24.xcdatamodeld;
			sourceTree = "<group>";
			versionGroupType = wrapper.xcdatamodel;
		};
/* End XCVersionGroup section */
	};
	rootObject = 1D6F41B42A81108700055D87 /* Project object */;
}
